
Microsoft Visual Studio Solution File, Format Version 12.00
# Visual Studio Version 16
VisualStudioVersion = 16.0.31613.86
MinimumVisualStudioVersion = 10.0.40219.1
Project("{9A19103F-16F7-4668-BE54-9A1E7A4F7556}") = "Business", "Business\Business.csproj", "{8F6460E9-992E-4B41-9017-DB3BC2692B55}"
EndProject
Project("{9A19103F-16F7-4668-BE54-9A1E7A4F7556}") = "DataAccess", "DataAccess\DataAccess.csproj", "{F21141B0-1F1E-4ADC-8CDC-5B220F16FCFC}"
EndProject
Project("{9A19103F-16F7-4668-BE54-9A1E7A4F7556}") = "Entities", "Entities\Entities.csproj", "{9E9BB4BF-0B1B-4BA6-96F4-892703F1956C}"
EndProject
Project("{9A19103F-16F7-4668-BE54-9A1E7A4F7556}") = "ConsoleUI", "ConsoleUI\ConsoleUI.csproj", "{432BD195-775A-472A-B11A-A4CBE6B85DEE}"
EndProject
Project("{9A19103F-16F7-4668-BE54-9A1E7A4F7556}") = "Core", "Core\Core.csproj", "{1298BE20-674A-45D9-99A9-F7AE2A7BFFEF}"
EndProject
Project("{9A19103F-16F7-4668-BE54-9A1E7A4F7556}") = "WebAPI", "WebAPI\WebAPI.csproj", "{4808A0EF-96BC-45EE-A296-6778E4774A53}"
EndProject
Global
	GlobalSection(SolutionConfigurationPlatforms) = preSolution
		Debug|Any CPU = Debug|Any CPU
		Release|Any CPU = Release|Any CPU
	EndGlobalSection
	GlobalSection(ProjectConfigurationPlatforms) = postSolution
		{8F6460E9-992E-4B41-9017-DB3BC2692B55}.Debug|Any CPU.ActiveCfg = Debug|Any CPU
		{8F6460E9-992E-4B41-9017-DB3BC2692B55}.Debug|Any CPU.Build.0 = Debug|Any CPU
		{8F6460E9-992E-4B41-9017-DB3BC2692B55}.Release|Any CPU.ActiveCfg = Release|Any CPU
		{8F6460E9-992E-4B41-9017-DB3BC2692B55}.Release|Any CPU.Build.0 = Release|Any CPU
		{F21141B0-1F1E-4ADC-8CDC-5B220F16FCFC}.Debug|Any CPU.ActiveCfg = Debug|Any CPU
		{F21141B0-1F1E-4ADC-8CDC-5B220F16FCFC}.Debug|Any CPU.Build.0 = Debug|Any CPU
		{F21141B0-1F1E-4ADC-8CDC-5B220F16FCFC}.Release|Any CPU.ActiveCfg = Release|Any CPU
		{F21141B0-1F1E-4ADC-8CDC-5B220F16FCFC}.Release|Any CPU.Build.0 = Release|Any CPU
		{9E9BB4BF-0B1B-4BA6-96F4-892703F1956C}.Debug|Any CPU.ActiveCfg = Debug|Any CPU
		{9E9BB4BF-0B1B-4BA6-96F4-892703F1956C}.Debug|Any CPU.Build.0 = Debug|Any CPU
		{9E9BB4BF-0B1B-4BA6-96F4-892703F1956C}.Release|Any CPU.ActiveCfg = Release|Any CPU
		{9E9BB4BF-0B1B-4BA6-96F4-892703F1956C}.Release|Any CPU.Build.0 = Release|Any CPU
		{432BD195-775A-472A-B11A-A4CBE6B85DEE}.Debug|Any CPU.ActiveCfg = Debug|Any CPU
		{432BD195-775A-472A-B11A-A4CBE6B85DEE}.Debug|Any CPU.Build.0 = Debug|Any CPU
		{432BD195-775A-472A-B11A-A4CBE6B85DEE}.Release|Any CPU.ActiveCfg = Release|Any CPU
		{432BD195-775A-472A-B11A-A4CBE6B85DEE}.Release|Any CPU.Build.0 = Release|Any CPU
		{1298BE20-674A-45D9-99A9-F7AE2A7BFFEF}.Debug|Any CPU.ActiveCfg = Debug|Any CPU
		{1298BE20-674A-45D9-99A9-F7AE2A7BFFEF}.Debug|Any CPU.Build.0 = Debug|Any CPU
		{1298BE20-674A-45D9-99A9-F7AE2A7BFFEF}.Release|Any CPU.ActiveCfg = Release|Any CPU
		{1298BE20-674A-45D9-99A9-F7AE2A7BFFEF}.Release|Any CPU.Build.0 = Release|Any CPU
		{4808A0EF-96BC-45EE-A296-6778E4774A53}.Debug|Any CPU.ActiveCfg = Debug|Any CPU
		{4808A0EF-96BC-45EE-A296-6778E4774A53}.Debug|Any CPU.Build.0 = Debug|Any CPU
		{4808A0EF-96BC-45EE-A296-6778E4774A53}.Release|Any CPU.ActiveCfg = Release|Any CPU
		{4808A0EF-96BC-45EE-A296-6778E4774A53}.Release|Any CPU.Build.0 = Release|Any CPU
	EndGlobalSection
	GlobalSection(SolutionProperties) = preSolution
		HideSolutionNode = FALSE
	EndGlobalSection
	GlobalSection(ExtensibilityGlobals) = postSolution
		SolutionGuid = {65DA46E4-6F66-4895-A847-8DA44C0553B0}
	EndGlobalSection
EndGlobal
